
Microsoft Visual Studio Solution File, Format Version 12.00
# Visual Studio Version 17
VisualStudioVersion = 17.9.34728.123
MinimumVisualStudioVersion = 10.0.40219.1
Project("{FAE04EC0-301F-11D3-BF4B-00C04F79EFBC}") = "ZadanieDodatkowe4", "ZadanieDodatkowe4\ZadanieDodatkowe4.csproj", "{FCB65F54-B2D8-4C34-A908-4F9C4384073E}"
EndProject
Global
	GlobalSection(SolutionConfigurationPlatforms) = preSolution
		Debug|Any CPU = Debug|Any CPU
		Release|Any CPU = Release|Any CPU
	EndGlobalSection
	GlobalSection(ProjectConfigurationPlatforms) = postSolution
		{FCB65F54-B2D8-4C34-A908-4F9C4384073E}.Debug|Any CPU.ActiveCfg = Debug|Any CPU
		{FCB65F54-B2D8-4C34-A908-4F9C4384073E}.Debug|Any CPU.Build.0 = Debug|Any CPU
		{FCB65F54-B2D8-4C34-A908-4F9C4384073E}.Release|Any CPU.ActiveCfg = Release|Any CPU
		{FCB65F54-B2D8-4C34-A908-4F9C4384073E}.Release|Any CPU.Build.0 = Release|Any CPU
	EndGlobalSection
	GlobalSection(SolutionProperties) = preSolution
		HideSolutionNode = FALSE
	EndGlobalSection
	GlobalSection(ExtensibilityGlobals) = postSolution
		SolutionGuid = {249B03C4-2ED1-49A1-842A-1800A833E20A}
	EndGlobalSection
EndGlobal
